
Microsoft Visual Studio Solution File, Format Version 12.00
# Visual Studio Version 17
VisualStudioVersion = 17.3.32922.545
MinimumVisualStudioVersion = 10.0.40219.1
Project("{9A19103F-16F7-4668-BE54-9A1E7A4F7556}") = "MiasoftNanus.Phonebook.DataAccess", "MiasoftNanus.Phonebook.DataAccess\MiasoftNanus.Phonebook.DataAccess.csproj", "{72C61B69-28B7-4683-A7D8-6289F335A331}"
EndProject
Project("{9A19103F-16F7-4668-BE54-9A1E7A4F7556}") = "MiasoftNanus.Phonebook.DataAccess.Test", "MiasoftNanus.Phonebook.DataAccess.Test\MiasoftNanus.Phonebook.DataAccess.Test.csproj", "{369522FE-D9C4-487D-B229-71CB547E8210}"
EndProject
Project("{2150E333-8FDC-42A3-9474-1A3956D46DE8}") = "Infrastructure", "Infrastructure", "{09FC973B-BAA1-4E72-A868-028D7C482EF8}"
EndProject
Global
	GlobalSection(SolutionConfigurationPlatforms) = preSolution
		Debug|Any CPU = Debug|Any CPU
		Release|Any CPU = Release|Any CPU
	EndGlobalSection
	GlobalSection(ProjectConfigurationPlatforms) = postSolution
		{72C61B69-28B7-4683-A7D8-6289F335A331}.Debug|Any CPU.ActiveCfg = Debug|Any CPU
		{72C61B69-28B7-4683-A7D8-6289F335A331}.Debug|Any CPU.Build.0 = Debug|Any CPU
		{72C61B69-28B7-4683-A7D8-6289F335A331}.Release|Any CPU.ActiveCfg = Release|Any CPU
		{72C61B69-28B7-4683-A7D8-6289F335A331}.Release|Any CPU.Build.0 = Release|Any CPU
		{369522FE-D9C4-487D-B229-71CB547E8210}.Debug|Any CPU.ActiveCfg = Debug|Any CPU
		{369522FE-D9C4-487D-B229-71CB547E8210}.Debug|Any CPU.Build.0 = Debug|Any CPU
		{369522FE-D9C4-487D-B229-71CB547E8210}.Release|Any CPU.ActiveCfg = Release|Any CPU
		{369522FE-D9C4-487D-B229-71CB547E8210}.Release|Any CPU.Build.0 = Release|Any CPU
	EndGlobalSection
	GlobalSection(SolutionProperties) = preSolution
		HideSolutionNode = FALSE
	EndGlobalSection
	GlobalSection(NestedProjects) = preSolution
		{72C61B69-28B7-4683-A7D8-6289F335A331} = {09FC973B-BAA1-4E72-A868-028D7C482EF8}
		{369522FE-D9C4-487D-B229-71CB547E8210} = {09FC973B-BAA1-4E72-A868-028D7C482EF8}
	EndGlobalSection
	GlobalSection(ExtensibilityGlobals) = postSolution
		SolutionGuid = {E3991033-546D-45E4-BE8F-10BC6AE22B82}
	EndGlobalSection
EndGlobal
